{
    "_readme": [
        "This file locks the dependencies of your project to a known state",
        "Read more about it at https://getcomposer.org/doc/01-basic-usage.md#installing-dependencies",
        "This file is @generated automatically"
    ],
    "content-hash": "fc6d615944615dc538b33b70fe187e66",
    "packages": [
        {
            "name": "catfan/medoo",
            "version": "v2.1.4",
            "source": {
                "type": "git",
                "url": "https://github.com/catfan/Medoo.git",
                "reference": "65042afa520475664863426d3b44d24604ab031c"
            },
            "dist": {
                "type": "zip",
                "url": "https://api.github.com/repos/catfan/Medoo/zipball/65042afa520475664863426d3b44d24604ab031c",
                "reference": "65042afa520475664863426d3b44d24604ab031c",
                "shasum": ""
            },
            "require": {
                "ext-pdo": "*",
                "php": ">=7.3"
            },
            "require-dev": {
                "phpunit/phpunit": "^9.0"
            },
            "suggest": {
                "ext-pdo_dblib": "For MSSQL or Sybase database on Linux/UNIX platform",
                "ext-pdo_mysql": "For MySQL or MariaDB database",
                "ext-pdo_oci": "For Oracle database",
                "ext-pdo_pqsql": "For PostgreSQL database",
                "ext-pdo_sqlite": "For SQLite database",
                "ext-pdo_sqlsrv": "For MSSQL database on both Window/Liunx platform"
            },
            "type": "framework",
            "autoload": {
                "psr-4": {
                    "Medoo\\": "src/"
                }
            },
            "notification-url": "https://packagist.org/downloads/",
            "license": [
                "MIT"
            ],
            "authors": [
                {
                    "name": "Angel Lai",
                    "email": "angel@medoo.in"
                }
            ],
            "description": "The lightweight PHP database framework to accelerate development",
            "homepage": "https://medoo.in",
            "keywords": [
                "database",
                "database library",
                "lightweight",
                "mariadb",
                "mssql",
                "mysql",
                "oracle",
                "php framework",
                "postgresql",
                "sql",
                "sqlite"
            ],
            "support": {
                "issues": "https://github.com/catfan/Medoo/issues",
                "source": "https://github.com/catfan/Medoo"
            },
            "funding": [
                {
                    "url": "https://paypal.me/AngelaonLai",
                    "type": "custom"
                },
                {
                    "url": "https://opencollective.com/medoo",
                    "type": "open_collective"
                }
            ],
            "time": "2021-12-13T07:19:58+00:00"
        },
        {
            "name": "tokenly/token-generator",
            "version": "v1.0.0",
            "source": {
                "type": "git",
                "url": "https://github.com/tokenly/token-generator.git",
                "reference": "a0fff2db10325416ea2bbe1a11b729e97cc6f86c"
            },
            "dist": {
                "type": "zip",
                "url": "https://api.github.com/repos/tokenly/token-generator/zipball/a0fff2db10325416ea2bbe1a11b729e97cc6f86c",
                "reference": "a0fff2db10325416ea2bbe1a11b729e97cc6f86c",
                "shasum": ""
            },
            "require": {
                "php": ">=7.0.0"
            },
            "require-dev": {
                "phpunit/phpunit": "~6"
            },
            "type": "library",
            "autoload": {
                "psr-4": {
                    "Tokenly\\TokenGenerator\\": "src"
                }
            },
            "notification-url": "https://packagist.org/downloads/",
            "license": [
                "MIT"
            ],
            "authors": [
                {
                    "name": "Devon Weller",
                    "email": "devon@tokenly.com",
                    "homepage": "http://tokenly.com"
                }
            ],
            "description": "A library to generate secure random strings",
            "support": {
                "issues": "https://github.com/tokenly/token-generator/issues",
                "source": "https://github.com/tokenly/token-generator/tree/v1.0.0"
            },
            "time": "2017-11-01T12:59:07+00:00"
        }
    ],
    "packages-dev": [],
    "aliases": [],
    "minimum-stability": "stable",
    "stability-flags": [],
    "prefer-stable": false,
    "prefer-lowest": false,
    "platform": [],
    "platform-dev": [],
    "plugin-api-version": "2.2.0"
}
